
Microsoft Visual Studio Solution File, Format Version 12.00
# Visual Studio Version 17
VisualStudioVersion = 17.0.31903.59
MinimumVisualStudioVersion = 10.0.40219.1
Project("{2150E333-8FDC-42A3-9474-1A3956D46DE8}") = "src", "src", "{827E0CD3-B72D-47B6-A68D-7590B98EB39B}"
EndProject
Project("{FAE04EC0-301F-11D3-BF4B-00C04F79EFBC}") = "Nexus.Archive", "src\Nexus.Archive\Nexus.Archive.csproj", "{921ED00F-0CFC-4A88-8D23-6B18B3CF0450}"
EndProject
Project("{FAE04EC0-301F-11D3-BF4B-00C04F79EFBC}") = "Nexus.Archive.Tests", "src\Nexus.Archive.Tests\Nexus.Archive.Tests.csproj", "{D7D143A3-0C67-478D-AF6E-81718B09DF8B}"
EndProject
Project("{FAE04EC0-301F-11D3-BF4B-00C04F79EFBC}") = "Nexus.Patch.Server", "src\Nexus.Patch.Server\Nexus.Patch.Server.csproj", "{2A2A43AB-46DF-4E4F-A412-23FCC7FD09E9}"
EndProject
Project("{FAE04EC0-301F-11D3-BF4B-00C04F79EFBC}") = "TableExtractor", "src\TableExtractor\TableExtractor.csproj", "{9A0CAB4F-AAA8-454C-8916-39EEBFCB0E88}"
EndProject
Project("{FAE04EC0-301F-11D3-BF4B-00C04F79EFBC}") = "Unarchive", "src\Unarchive\Unarchive.csproj", "{5A1CAAD3-FDF7-48A4-8736-4C80D434AE2E}"
EndProject
Global
	GlobalSection(SolutionConfigurationPlatforms) = preSolution
		Debug|Any CPU = Debug|Any CPU
		Debug|x64 = Debug|x64
		Debug|x86 = Debug|x86
		Release|Any CPU = Release|Any CPU
		Release|x64 = Release|x64
		Release|x86 = Release|x86
	EndGlobalSection
	GlobalSection(ProjectConfigurationPlatforms) = postSolution
		{921ED00F-0CFC-4A88-8D23-6B18B3CF0450}.Debug|Any CPU.ActiveCfg = Debug|Any CPU
		{921ED00F-0CFC-4A88-8D23-6B18B3CF0450}.Debug|Any CPU.Build.0 = Debug|Any CPU
		{921ED00F-0CFC-4A88-8D23-6B18B3CF0450}.Debug|x64.ActiveCfg = Debug|Any CPU
		{921ED00F-0CFC-4A88-8D23-6B18B3CF0450}.Debug|x64.Build.0 = Debug|Any CPU
		{921ED00F-0CFC-4A88-8D23-6B18B3CF0450}.Debug|x86.ActiveCfg = Debug|Any CPU
		{921ED00F-0CFC-4A88-8D23-6B18B3CF0450}.Debug|x86.Build.0 = Debug|Any CPU
		{921ED00F-0CFC-4A88-8D23-6B18B3CF0450}.Release|Any CPU.ActiveCfg = Release|Any CPU
		{921ED00F-0CFC-4A88-8D23-6B18B3CF0450}.Release|Any CPU.Build.0 = Release|Any CPU
		{921ED00F-0CFC-4A88-8D23-6B18B3CF0450}.Release|x64.ActiveCfg = Release|Any CPU
		{921ED00F-0CFC-4A88-8D23-6B18B3CF0450}.Release|x64.Build.0 = Release|Any CPU
		{921ED00F-0CFC-4A88-8D23-6B18B3CF0450}.Release|x86.ActiveCfg = Release|Any CPU
		{921ED00F-0CFC-4A88-8D23-6B18B3CF0450}.Release|x86.Build.0 = Release|Any CPU
		{D7D143A3-0C67-478D-AF6E-81718B09DF8B}.Debug|Any CPU.ActiveCfg = Debug|Any CPU
		{D7D143A3-0C67-478D-AF6E-81718B09DF8B}.Debug|Any CPU.Build.0 = Debug|Any CPU
		{D7D143A3-0C67-478D-AF6E-81718B09DF8B}.Debug|x64.ActiveCfg = Debug|Any CPU
		{D7D143A3-0C67-478D-AF6E-81718B09DF8B}.Debug|x64.Build.0 = Debug|Any CPU
		{D7D143A3-0C67-478D-AF6E-81718B09DF8B}.Debug|x86.ActiveCfg = Debug|Any CPU
		{D7D143A3-0C67-478D-AF6E-81718B09DF8B}.Debug|x86.Build.0 = Debug|Any CPU
		{D7D143A3-0C67-478D-AF6E-81718B09DF8B}.Release|Any CPU.ActiveCfg = Release|Any CPU
		{D7D143A3-0C67-478D-AF6E-81718B09DF8B}.Release|Any CPU.Build.0 = Release|Any CPU
		{D7D143A3-0C67-478D-AF6E-81718B09DF8B}.Release|x64.ActiveCfg = Release|Any CPU
		{D7D143A3-0C67-478D-AF6E-81718B09DF8B}.Release|x64.Build.0 = Release|Any CPU
		{D7D143A3-0C67-478D-AF6E-81718B09DF8B}.Release|x86.ActiveCfg = Release|Any CPU
		{D7D143A3-0C67-478D-AF6E-81718B09DF8B}.Release|x86.Build.0 = Release|Any CPU
		{2A2A43AB-46DF-4E4F-A412-23FCC7FD09E9}.Debug|Any CPU.ActiveCfg = Debug|Any CPU
		{2A2A43AB-46DF-4E4F-A412-23FCC7FD09E9}.Debug|Any CPU.Build.0 = Debug|Any CPU
		{2A2A43AB-46DF-4E4F-A412-23FCC7FD09E9}.Debug|x64.ActiveCfg = Debug|Any CPU
		{2A2A43AB-46DF-4E4F-A412-23FCC7FD09E9}.Debug|x64.Build.0 = Debug|Any CPU
		{2A2A43AB-46DF-4E4F-A412-23FCC7FD09E9}.Debug|x86.ActiveCfg = Debug|Any CPU
		{2A2A43AB-46DF-4E4F-A412-23FCC7FD09E9}.Debug|x86.Build.0 = Debug|Any CPU
		{2A2A43AB-46DF-4E4F-A412-23FCC7FD09E9}.Release|Any CPU.ActiveCfg = Release|Any CPU
		{2A2A43AB-46DF-4E4F-A412-23FCC7FD09E9}.Release|Any CPU.Build.0 = Release|Any CPU
		{2A2A43AB-46DF-4E4F-A412-23FCC7FD09E9}.Release|x64.ActiveCfg = Release|Any CPU
		{2A2A43AB-46DF-4E4F-A412-23FCC7FD09E9}.Release|x64.Build.0 = Release|Any CPU
		{2A2A43AB-46DF-4E4F-A412-23FCC7FD09E9}.Release|x86.ActiveCfg = Release|Any CPU
		{2A2A43AB-46DF-4E4F-A412-23FCC7FD09E9}.Release|x86.Build.0 = Release|Any CPU
		{9A0CAB4F-AAA8-454C-8916-39EEBFCB0E88}.Debug|Any CPU.ActiveCfg = Debug|Any CPU
		{9A0CAB4F-AAA8-454C-8916-39EEBFCB0E88}.Debug|Any CPU.Build.0 = Debug|Any CPU
		{9A0CAB4F-AAA8-454C-8916-39EEBFCB0E88}.Debug|x64.ActiveCfg = Debug|Any CPU
		{9A0CAB4F-AAA8-454C-8916-39EEBFCB0E88}.Debug|x64.Build.0 = Debug|Any CPU
		{9A0CAB4F-AAA8-454C-8916-39EEBFCB0E88}.Debug|x86.ActiveCfg = Debug|Any CPU
		{9A0CAB4F-AAA8-454C-8916-39EEBFCB0E88}.Debug|x86.Build.0 = Debug|Any CPU
		{9A0CAB4F-AAA8-454C-8916-39EEBFCB0E88}.Release|Any CPU.ActiveCfg = Release|Any CPU
		{9A0CAB4F-AAA8-454C-8916-39EEBFCB0E88}.Release|Any CPU.Build.0 = Release|Any CPU
		{9A0CAB4F-AAA8-454C-8916-39EEBFCB0E88}.Release|x64.ActiveCfg = Release|Any CPU
		{9A0CAB4F-AAA8-454C-8916-39EEBFCB0E88}.Release|x64.Build.0 = Release|Any CPU
		{9A0CAB4F-AAA8-454C-8916-39EEBFCB0E88}.Release|x86.ActiveCfg = Release|Any CPU
		{9A0CAB4F-AAA8-454C-8916-39EEBFCB0E88}.Release|x86.Build.0 = Release|Any CPU
		{5A1CAAD3-FDF7-48A4-8736-4C80D434AE2E}.Debug|Any CPU.ActiveCfg = Debug|Any CPU
		{5A1CAAD3-FDF7-48A4-8736-4C80D434AE2E}.Debug|Any CPU.Build.0 = Debug|Any CPU
		{5A1CAAD3-FDF7-48A4-8736-4C80D434AE2E}.Debug|x64.ActiveCfg = Debug|Any CPU
		{5A1CAAD3-FDF7-48A4-8736-4C80D434AE2E}.Debug|x64.Build.0 = Debug|Any CPU
		{5A1CAAD3-FDF7-48A4-8736-4C80D434AE2E}.Debug|x86.ActiveCfg = Debug|Any CPU
		{5A1CAAD3-FDF7-48A4-8736-4C80D434AE2E}.Debug|x86.Build.0 = Debug|Any CPU
		{5A1CAAD3-FDF7-48A4-8736-4C80D434AE2E}.Release|Any CPU.ActiveCfg = Release|Any CPU
		{5A1CAAD3-FDF7-48A4-8736-4C80D434AE2E}.Release|Any CPU.Build.0 = Release|Any CPU
		{5A1CAAD3-FDF7-48A4-8736-4C80D434AE2E}.Release|x64.ActiveCfg = Release|Any CPU
		{5A1CAAD3-FDF7-48A4-8736-4C80D434AE2E}.Release|x64.Build.0 = Release|Any CPU
		{5A1CAAD3-FDF7-48A4-8736-4C80D434AE2E}.Release|x86.ActiveCfg = Release|Any CPU
		{5A1CAAD3-FDF7-48A4-8736-4C80D434AE2E}.Release|x86.Build.0 = Release|Any CPU
	EndGlobalSection
	GlobalSection(SolutionProperties) = preSolution
		HideSolutionNode = FALSE
	EndGlobalSection
	GlobalSection(NestedProjects) = preSolution
		{921ED00F-0CFC-4A88-8D23-6B18B3CF0450} = {827E0CD3-B72D-47B6-A68D-7590B98EB39B}
		{D7D143A3-0C67-478D-AF6E-81718B09DF8B} = {827E0CD3-B72D-47B6-A68D-7590B98EB39B}
		{2A2A43AB-46DF-4E4F-A412-23FCC7FD09E9} = {827E0CD3-B72D-47B6-A68D-7590B98EB39B}
		{9A0CAB4F-AAA8-454C-8916-39EEBFCB0E88} = {827E0CD3-B72D-47B6-A68D-7590B98EB39B}
		{5A1CAAD3-FDF7-48A4-8736-4C80D434AE2E} = {827E0CD3-B72D-47B6-A68D-7590B98EB39B}
	EndGlobalSection
EndGlobal
